
Microsoft Visual Studio Solution File, Format Version 12.00
# Visual Studio Version 17
VisualStudioVersion = 17.4.33205.214
MinimumVisualStudioVersion = 10.0.40219.1
Project("{FAE04EC0-301F-11D3-BF4B-00C04F79EFBC}") = "ProjetoQuatro", "ProjetoQuatro\ProjetoQuatro.csproj", "{71017CE0-B8F1-4D19-8CD0-0C205AF4F2E2}"
EndProject
Global
	GlobalSection(SolutionConfigurationPlatforms) = preSolution
		Debug|Any CPU = Debug|Any CPU
		Release|Any CPU = Release|Any CPU
	EndGlobalSection
	GlobalSection(ProjectConfigurationPlatforms) = postSolution
		{71017CE0-B8F1-4D19-8CD0-0C205AF4F2E2}.Debug|Any CPU.ActiveCfg = Debug|Any CPU
		{71017CE0-B8F1-4D19-8CD0-0C205AF4F2E2}.Debug|Any CPU.Build.0 = Debug|Any CPU
		{71017CE0-B8F1-4D19-8CD0-0C205AF4F2E2}.Release|Any CPU.ActiveCfg = Release|Any CPU
		{71017CE0-B8F1-4D19-8CD0-0C205AF4F2E2}.Release|Any CPU.Build.0 = Release|Any CPU
	EndGlobalSection
	GlobalSection(SolutionProperties) = preSolution
		HideSolutionNode = FALSE
	EndGlobalSection
	GlobalSection(ExtensibilityGlobals) = postSolution
		SolutionGuid = {E5D3EA74-8DAF-4655-936B-7518BAF61F0E}
	EndGlobalSection
EndGlobal
